
Microsoft Visual Studio Solution File, Format Version 12.00
# Visual Studio Version 16
VisualStudioVersion = 25.0.1706.8
MinimumVisualStudioVersion = 10.0.40219.1
Project("{FAE04EC0-301F-11D3-BF4B-00C04F79EFBC}") = "QRCodeApp.Api", "QRCodeApp.Api.csproj", "{834930DF-1A27-42C0-AFA7-F5EFEB7B40BE}"
EndProject
Global
	GlobalSection(SolutionConfigurationPlatforms) = preSolution
		Debug|Any CPU = Debug|Any CPU
		Release|Any CPU = Release|Any CPU
	EndGlobalSection
	GlobalSection(ProjectConfigurationPlatforms) = postSolution
		{834930DF-1A27-42C0-AFA7-F5EFEB7B40BE}.Debug|Any CPU.ActiveCfg = Debug|Any CPU
		{834930DF-1A27-42C0-AFA7-F5EFEB7B40BE}.Debug|Any CPU.Build.0 = Debug|Any CPU
		{834930DF-1A27-42C0-AFA7-F5EFEB7B40BE}.Release|Any CPU.ActiveCfg = Release|Any CPU
		{834930DF-1A27-42C0-AFA7-F5EFEB7B40BE}.Release|Any CPU.Build.0 = Release|Any CPU
	EndGlobalSection
	GlobalSection(SolutionProperties) = preSolution
		HideSolutionNode = FALSE
	EndGlobalSection
	GlobalSection(ExtensibilityGlobals) = postSolution
		SolutionGuid = {11AEA665-8A19-4B45-9F2D-6DCAC6BA93A2}
	EndGlobalSection
EndGlobal
